Microsoft Visual Studio Solution File, Format Version 11.00
# Visual Studio 2008

Project("{7EE2361C-A5F0-EB17-893A-3C96E1ED047F}") = "EggDemo", "Assembly-CSharp.csproj", "{92D6970F-D99F-2781-552D-C9F7E573EE58}"
EndProject
Global
	GlobalSection(SolutionConfigurationPlatforms) = preSolution
		Debug|Any CPU = Debug|Any CPU
		Release|Any CPU = Release|Any CPU
	EndGlobalSection
	GlobalSection(ProjectConfigurationPlatforms) = postSolution
		{92D6970F-D99F-2781-552D-C9F7E573EE58}.Debug|Any CPU.ActiveCfg = Debug|Any CPU
		{92D6970F-D99F-2781-552D-C9F7E573EE58}.Debug|Any CPU.Build.0 = Debug|Any CPU
		{92D6970F-D99F-2781-552D-C9F7E573EE58}.Release|Any CPU.ActiveCfg = Release|Any CPU
		{92D6970F-D99F-2781-552D-C9F7E573EE58}.Release|Any CPU.Build.0 = Release|Any CPU
	EndGlobalSection
	GlobalSection(SolutionProperties) = preSolution
		HideSolutionNode = FALSE
	EndGlobalSection
	GlobalSection(MonoDevelopProperties) = preSolution
		StartupItem = Assembly-CSharp.csproj
	EndGlobalSection
EndGlobal
